
Microsoft Visual Studio Solution File, Format Version 12.00
# Visual Studio 11
Project("{00000000-0000-0000-0000-000000000000}") = "WorthyD", "WorthyD\WorthyD.csproj", "{B91BDF18-52CF-451F-9E83-CBD1591FCAD5}"
EndProject
Project("{FAE04EC0-301F-11D3-BF4B-00C04F79EFBC}") = "WorthyD.MVC3", "WorthyD.MVC3\WorthyD.MVC3.csproj", "{FA9F7195-CE45-45EB-9B98-2ED36D024C8E}"
EndProject
Global
	GlobalSection(SolutionConfigurationPlatforms) = preSolution
		ASP|Any CPU = ASP|Any CPU
		ASP|Mixed Platforms = ASP|Mixed Platforms
		ASP|x86 = ASP|x86
		Debug|Any CPU = Debug|Any CPU
		Debug|Mixed Platforms = Debug|Mixed Platforms
		Debug|x86 = Debug|x86
		Release|Any CPU = Release|Any CPU
		Release|Mixed Platforms = Release|Mixed Platforms
		Release|x86 = Release|x86
	EndGlobalSection
	GlobalSection(ProjectConfigurationPlatforms) = postSolution
		{B91BDF18-52CF-451F-9E83-CBD1591FCAD5}.ASP|Any CPU.ActiveCfg = Release|Any CPU
		{B91BDF18-52CF-451F-9E83-CBD1591FCAD5}.ASP|Any CPU.Build.0 = Release|Any CPU
		{B91BDF18-52CF-451F-9E83-CBD1591FCAD5}.ASP|Mixed Platforms.ActiveCfg = Release|Any CPU
		{B91BDF18-52CF-451F-9E83-CBD1591FCAD5}.ASP|Mixed Platforms.Build.0 = Release|Any CPU
		{B91BDF18-52CF-451F-9E83-CBD1591FCAD5}.ASP|x86.ActiveCfg = Release|Any CPU
		{B91BDF18-52CF-451F-9E83-CBD1591FCAD5}.Debug|Any CPU.ActiveCfg = Debug|Any CPU
		{B91BDF18-52CF-451F-9E83-CBD1591FCAD5}.Debug|Any CPU.Build.0 = Debug|Any CPU
		{B91BDF18-52CF-451F-9E83-CBD1591FCAD5}.Debug|Mixed Platforms.ActiveCfg = Debug|Any CPU
		{B91BDF18-52CF-451F-9E83-CBD1591FCAD5}.Debug|Mixed Platforms.Build.0 = Debug|Any CPU
		{B91BDF18-52CF-451F-9E83-CBD1591FCAD5}.Debug|x86.ActiveCfg = Debug|Any CPU
		{B91BDF18-52CF-451F-9E83-CBD1591FCAD5}.Release|Any CPU.ActiveCfg = Release|Any CPU
		{B91BDF18-52CF-451F-9E83-CBD1591FCAD5}.Release|Any CPU.Build.0 = Release|Any CPU
		{B91BDF18-52CF-451F-9E83-CBD1591FCAD5}.Release|Mixed Platforms.ActiveCfg = Release|Any CPU
		{B91BDF18-52CF-451F-9E83-CBD1591FCAD5}.Release|Mixed Platforms.Build.0 = Release|Any CPU
		{B91BDF18-52CF-451F-9E83-CBD1591FCAD5}.Release|x86.ActiveCfg = Release|Any CPU
		{FA9F7195-CE45-45EB-9B98-2ED36D024C8E}.ASP|Any CPU.ActiveCfg = Release|Any CPU
		{FA9F7195-CE45-45EB-9B98-2ED36D024C8E}.ASP|Any CPU.Build.0 = Release|Any CPU
		{FA9F7195-CE45-45EB-9B98-2ED36D024C8E}.ASP|Mixed Platforms.ActiveCfg = Release|Any CPU
		{FA9F7195-CE45-45EB-9B98-2ED36D024C8E}.ASP|Mixed Platforms.Build.0 = Release|Any CPU
		{FA9F7195-CE45-45EB-9B98-2ED36D024C8E}.ASP|x86.ActiveCfg = Release|Any CPU
		{FA9F7195-CE45-45EB-9B98-2ED36D024C8E}.Debug|Any CPU.ActiveCfg = Debug|Any CPU
		{FA9F7195-CE45-45EB-9B98-2ED36D024C8E}.Debug|Any CPU.Build.0 = Debug|Any CPU
		{FA9F7195-CE45-45EB-9B98-2ED36D024C8E}.Debug|Mixed Platforms.ActiveCfg = Debug|Any CPU
		{FA9F7195-CE45-45EB-9B98-2ED36D024C8E}.Debug|Mixed Platforms.Build.0 = Debug|Any CPU
		{FA9F7195-CE45-45EB-9B98-2ED36D024C8E}.Debug|x86.ActiveCfg = Debug|Any CPU
		{FA9F7195-CE45-45EB-9B98-2ED36D024C8E}.Release|Any CPU.ActiveCfg = Release|Any CPU
		{FA9F7195-CE45-45EB-9B98-2ED36D024C8E}.Release|Any CPU.Build.0 = Release|Any CPU
		{FA9F7195-CE45-45EB-9B98-2ED36D024C8E}.Release|Mixed Platforms.ActiveCfg = Release|Any CPU
		{FA9F7195-CE45-45EB-9B98-2ED36D024C8E}.Release|Mixed Platforms.Build.0 = Release|Any CPU
		{FA9F7195-CE45-45EB-9B98-2ED36D024C8E}.Release|x86.ActiveCfg = Release|Any CPU
	EndGlobalSection
	GlobalSection(SolutionProperties) = preSolution
		HideSolutionNode = FALSE
	EndGlobalSection
EndGlobal
